
Microsoft Visual Studio Solution File, Format Version 12.00
Project("{FAE04EC0-301F-11D3-BF4B-00C04F79EFBC}") = "RentalContractsAPI", "RentalContractsAPI.csproj", "{8EDC39F9-5B73-4192-A085-A113DBDFA12D}"
EndProject
Project("{FAE04EC0-301F-11D3-BF4B-00C04F79EFBC}") = "RentalContractsAPI.Tests", "RentalContractsAPI.Tests\RentalContractsAPI.Tests.csproj", "{996CC768-11FF-4F61-8A46-364B3A36D144}"
EndProject
Global
	GlobalSection(SolutionConfigurationPlatforms) = preSolution
		Debug|Any CPU = Debug|Any CPU
		Release|Any CPU = Release|Any CPU
	EndGlobalSection
	GlobalSection(ProjectConfigurationPlatforms) = postSolution
		{8EDC39F9-5B73-4192-A085-A113DBDFA12D}.Debug|Any CPU.ActiveCfg = Debug|Any CPU
		{8EDC39F9-5B73-4192-A085-A113DBDFA12D}.Debug|Any CPU.Build.0 = Debug|Any CPU
		{8EDC39F9-5B73-4192-A085-A113DBDFA12D}.Release|Any CPU.ActiveCfg = Release|Any CPU
		{8EDC39F9-5B73-4192-A085-A113DBDFA12D}.Release|Any CPU.Build.0 = Release|Any CPU
		{996CC768-11FF-4F61-8A46-364B3A36D144}.Debug|Any CPU.ActiveCfg = Debug|Any CPU
		{996CC768-11FF-4F61-8A46-364B3A36D144}.Debug|Any CPU.Build.0 = Debug|Any CPU
		{996CC768-11FF-4F61-8A46-364B3A36D144}.Release|Any CPU.ActiveCfg = Release|Any CPU
		{996CC768-11FF-4F61-8A46-364B3A36D144}.Release|Any CPU.Build.0 = Release|Any CPU
	EndGlobalSection
EndGlobal
